
Microsoft Visual Studio Solution File, Format Version 12.00
# Visual Studio Version 16
VisualStudioVersion = 16.0.31112.23
MinimumVisualStudioVersion = 10.0.40219.1
Project("{FAE04EC0-301F-11D3-BF4B-00C04F79EFBC}") = "EFElearning", "..\EFElearning\EFElearning.csproj", "{2ABEEC6A-1C8E-4635-9DAC-1A933AF0016C}"
EndProject
Project("{FAE04EC0-301F-11D3-BF4B-00C04F79EFBC}") = "WPF Client", "..\WPF Client\WPF Client.csproj", "{DE388E1E-B2FB-427C-AE3A-3ECBDB99E70F}"
EndProject
Global
	GlobalSection(SolutionConfigurationPlatforms) = preSolution
		Debug|Any CPU = Debug|Any CPU
		Release|Any CPU = Release|Any CPU
	EndGlobalSection
	GlobalSection(ProjectConfigurationPlatforms) = postSolution
		{2ABEEC6A-1C8E-4635-9DAC-1A933AF0016C}.Debug|Any CPU.ActiveCfg = Debug|Any CPU
		{2ABEEC6A-1C8E-4635-9DAC-1A933AF0016C}.Debug|Any CPU.Build.0 = Debug|Any CPU
		{2ABEEC6A-1C8E-4635-9DAC-1A933AF0016C}.Release|Any CPU.ActiveCfg = Release|Any CPU
		{2ABEEC6A-1C8E-4635-9DAC-1A933AF0016C}.Release|Any CPU.Build.0 = Release|Any CPU
		{DE388E1E-B2FB-427C-AE3A-3ECBDB99E70F}.Debug|Any CPU.ActiveCfg = Debug|Any CPU
		{DE388E1E-B2FB-427C-AE3A-3ECBDB99E70F}.Debug|Any CPU.Build.0 = Debug|Any CPU
		{DE388E1E-B2FB-427C-AE3A-3ECBDB99E70F}.Release|Any CPU.ActiveCfg = Release|Any CPU
		{DE388E1E-B2FB-427C-AE3A-3ECBDB99E70F}.Release|Any CPU.Build.0 = Release|Any CPU
	EndGlobalSection
	GlobalSection(SolutionProperties) = preSolution
		HideSolutionNode = FALSE
	EndGlobalSection
	GlobalSection(ExtensibilityGlobals) = postSolution
		SolutionGuid = {C1DC460E-613C-4A2B-8272-FFE711E99742}
	EndGlobalSection
EndGlobal
